
Microsoft Visual Studio Solution File, Format Version 12.00
# Visual Studio 15
VisualStudioVersion = 15.0.27004.2006
MinimumVisualStudioVersion = 10.0.40219.1
Project("{8BC9CEB8-8B4A-11D0-8D11-00A0C91BC942}") = "complete-LinkList", "LinkList\LinkList.vcxproj", "{1C8C795A-2D9D-4990-9882-88671CD1F494}"
EndProject
Project("{8BC9CEB8-8B4A-11D0-8D11-00A0C91BC942}") = "complete-circularLinkedList", "circularLinkedList\circularLinkedList.vcxproj", "{D2B729F8-EB59-48C2-A6DC-34954B7FEA91}"
EndProject
Project("{FAE04EC0-301F-11D3-BF4B-00C04F79EFBC}") = "DoubliLinkedList-android", "DoubliLinkedList-android\DoubliLinkedList-android.csproj", "{E07E0E06-FEC9-4F92-8575-FBCF88C07DF7}"
EndProject
Project("{8BC9CEB8-8B4A-11D0-8D11-00A0C91BC942}") = "complete-TowerOfHanio", "TowerOfHanio\TowerOfHanio.vcxproj", "{B5751324-001D-442E-80CD-751B70BA7FE6}"
EndProject
Project("{8BC9CEB8-8B4A-11D0-8D11-00A0C91BC942}") = "01 complete-MatrixAddMul", "MatrixAddMul\MatrixAddMul.vcxproj", "{786BE033-40BC-4637-9BA8-AC400E7F4D6C}"
EndProject
Project("{8BC9CEB8-8B4A-11D0-8D11-00A0C91BC942}") = "complete-factorial", "Factorial\Factorial.vcxproj", "{72351B6A-521B-4904-9A34-312DEC715E04}"
EndProject
Project("{8BC9CEB8-8B4A-11D0-8D11-00A0C91BC942}") = "02 complete-MatrixTransform", "MatrixTransform\MatrixTransform.vcxproj", "{79ABCB62-DE19-4AEC-BD1A-0FFD9C05223F}"
EndProject
Project("{8BC9CEB8-8B4A-11D0-8D11-00A0C91BC942}") = "03 complete-ArrayStack", "ArrayStack\ArrayStack.vcxproj", "{FAC6BE20-3B5E-4723-BE15-B3C6DC869AAF}"
EndProject
Project("{8BC9CEB8-8B4A-11D0-8D11-00A0C91BC942}") = "04 complete-ArrayQueue", "ArrayQueue\ArrayQueue.vcxproj", "{3402F3B6-E278-46FA-A059-05A77E8D6F5F}"
EndProject
Project("{8BC9CEB8-8B4A-11D0-8D11-00A0C91BC942}") = "05 complete-ArrayCircualarQueue", "ArrayCircualarQueue\ArrayCircualarQueue.vcxproj", "{3C398194-6449-4175-84B0-71EDE8C032E9}"
EndProject
Project("{8BC9CEB8-8B4A-11D0-8D11-00A0C91BC942}") = "06 complete-linklistStack", "linklistStack\linklistStack.vcxproj", "{D510F4D2-4FC9-4182-AADD-7997F2B7CA6B}"
EndProject
Project("{8BC9CEB8-8B4A-11D0-8D11-00A0C91BC942}") = "07 complete-linkListQueue", "linkListQueue\linkListQueue.vcxproj", "{8C930CCB-AFE1-4386-B0DF-47C44AA15BA6}"
EndProject
Project("{8BC9CEB8-8B4A-11D0-8D11-00A0C91BC942}") = "08 complete-linkListCircular", "linkListCircular\linkListCircular.vcxproj", "{1DDF8605-80CD-4779-A3C6-C05803009D63}"
EndProject
Project("{8BC9CEB8-8B4A-11D0-8D11-00A0C91BC942}") = "09 complete-binaryTree", "binaryTree\binaryTree.vcxproj", "{3E13AEA1-4580-47E8-B253-6C6DA6191247}"
EndProject
Project("{8BC9CEB8-8B4A-11D0-8D11-00A0C91BC942}") = "12 complete-breadthFirstTraversal", "breadthFirstTraversal\breadthFirstTraversal.vcxproj", "{1A85DF8E-F381-4A0B-8510-C65062F8991F}"
EndProject
Project("{8BC9CEB8-8B4A-11D0-8D11-00A0C91BC942}") = "13 complete-depthFirstTraversal", "depthFirstTraversal\depthFirstTraversal.vcxproj", "{7EA4B137-669D-4CC5-B361-465393CE5C98}"
EndProject
Project("{8BC9CEB8-8B4A-11D0-8D11-00A0C91BC942}") = "10 complete-binarySearchTree", "binarySearchTree\binarySearchTree.vcxproj", "{634B87F8-61D7-4201-AACA-00849FDECD20}"
EndProject
Project("{8BC9CEB8-8B4A-11D0-8D11-00A0C91BC942}") = "11 complete-treeTraversal", "treeTraversal\treeTraversal.vcxproj", "{AB0E184F-1AFF-4F01-9399-D6497D2CE229}"
EndProject
Global
	GlobalSection(SolutionConfigurationPlatforms) = preSolution
		Debug|Any CPU = Debug|Any CPU
		Debug|x64 = Debug|x64
		Debug|x86 = Debug|x86
		Release|Any CPU = Release|Any CPU
		Release|x64 = Release|x64
		Release|x86 = Release|x86
	EndGlobalSection
	GlobalSection(ProjectConfigurationPlatforms) = postSolution
		{1C8C795A-2D9D-4990-9882-88671CD1F494}.Debug|Any CPU.ActiveCfg = Debug|Win32
		{1C8C795A-2D9D-4990-9882-88671CD1F494}.Debug|x64.ActiveCfg = Debug|x64
		{1C8C795A-2D9D-4990-9882-88671CD1F494}.Debug|x64.Build.0 = Debug|x64
		{1C8C795A-2D9D-4990-9882-88671CD1F494}.Debug|x86.ActiveCfg = Debug|Win32
		{1C8C795A-2D9D-4990-9882-88671CD1F494}.Debug|x86.Build.0 = Debug|Win32
		{1C8C795A-2D9D-4990-9882-88671CD1F494}.Release|Any CPU.ActiveCfg = Release|Win32
		{1C8C795A-2D9D-4990-9882-88671CD1F494}.Release|x64.ActiveCfg = Release|x64
		{1C8C795A-2D9D-4990-9882-88671CD1F494}.Release|x64.Build.0 = Release|x64
		{1C8C795A-2D9D-4990-9882-88671CD1F494}.Release|x86.ActiveCfg = Release|Win32
		{1C8C795A-2D9D-4990-9882-88671CD1F494}.Release|x86.Build.0 = Release|Win32
		{D2B729F8-EB59-48C2-A6DC-34954B7FEA91}.Debug|Any CPU.ActiveCfg = Debug|Win32
		{D2B729F8-EB59-48C2-A6DC-34954B7FEA91}.Debug|x64.ActiveCfg = Debug|x64
		{D2B729F8-EB59-48C2-A6DC-34954B7FEA91}.Debug|x64.Build.0 = Debug|x64
		{D2B729F8-EB59-48C2-A6DC-34954B7FEA91}.Debug|x86.ActiveCfg = Debug|Win32
		{D2B729F8-EB59-48C2-A6DC-34954B7FEA91}.Debug|x86.Build.0 = Debug|Win32
		{D2B729F8-EB59-48C2-A6DC-34954B7FEA91}.Release|Any CPU.ActiveCfg = Release|Win32
		{D2B729F8-EB59-48C2-A6DC-34954B7FEA91}.Release|x64.ActiveCfg = Release|x64
		{D2B729F8-EB59-48C2-A6DC-34954B7FEA91}.Release|x64.Build.0 = Release|x64
		{D2B729F8-EB59-48C2-A6DC-34954B7FEA91}.Release|x86.ActiveCfg = Release|Win32
		{D2B729F8-EB59-48C2-A6DC-34954B7FEA91}.Release|x86.Build.0 = Release|Win32
		{E07E0E06-FEC9-4F92-8575-FBCF88C07DF7}.Debug|Any CPU.ActiveCfg = Debug|Any CPU
		{E07E0E06-FEC9-4F92-8575-FBCF88C07DF7}.Debug|Any CPU.Build.0 = Debug|Any CPU
		{E07E0E06-FEC9-4F92-8575-FBCF88C07DF7}.Debug|Any CPU.Deploy.0 = Debug|Any CPU
		{E07E0E06-FEC9-4F92-8575-FBCF88C07DF7}.Debug|x64.ActiveCfg = Debug|Any CPU
		{E07E0E06-FEC9-4F92-8575-FBCF88C07DF7}.Debug|x64.Build.0 = Debug|Any CPU
		{E07E0E06-FEC9-4F92-8575-FBCF88C07DF7}.Debug|x64.Deploy.0 = Debug|Any CPU
		{E07E0E06-FEC9-4F92-8575-FBCF88C07DF7}.Debug|x86.ActiveCfg = Debug|Any CPU
		{E07E0E06-FEC9-4F92-8575-FBCF88C07DF7}.Debug|x86.Build.0 = Debug|Any CPU
		{E07E0E06-FEC9-4F92-8575-FBCF88C07DF7}.Debug|x86.Deploy.0 = Debug|Any CPU
		{E07E0E06-FEC9-4F92-8575-FBCF88C07DF7}.Release|Any CPU.ActiveCfg = Release|Any CPU
		{E07E0E06-FEC9-4F92-8575-FBCF88C07DF7}.Release|Any CPU.Build.0 = Release|Any CPU
		{E07E0E06-FEC9-4F92-8575-FBCF88C07DF7}.Release|Any CPU.Deploy.0 = Release|Any CPU
		{E07E0E06-FEC9-4F92-8575-FBCF88C07DF7}.Release|x64.ActiveCfg = Release|Any CPU
		{E07E0E06-FEC9-4F92-8575-FBCF88C07DF7}.Release|x64.Build.0 = Release|Any CPU
		{E07E0E06-FEC9-4F92-8575-FBCF88C07DF7}.Release|x64.Deploy.0 = Release|Any CPU
		{E07E0E06-FEC9-4F92-8575-FBCF88C07DF7}.Release|x86.ActiveCfg = Release|Any CPU
		{E07E0E06-FEC9-4F92-8575-FBCF88C07DF7}.Release|x86.Build.0 = Release|Any CPU
		{E07E0E06-FEC9-4F92-8575-FBCF88C07DF7}.Release|x86.Deploy.0 = Release|Any CPU
		{B5751324-001D-442E-80CD-751B70BA7FE6}.Debug|Any CPU.ActiveCfg = Debug|Win32
		{B5751324-001D-442E-80CD-751B70BA7FE6}.Debug|x64.ActiveCfg = Debug|x64
		{B5751324-001D-442E-80CD-751B70BA7FE6}.Debug|x64.Build.0 = Debug|x64
		{B5751324-001D-442E-80CD-751B70BA7FE6}.Debug|x86.ActiveCfg = Debug|Win32
		{B5751324-001D-442E-80CD-751B70BA7FE6}.Debug|x86.Build.0 = Debug|Win32
		{B5751324-001D-442E-80CD-751B70BA7FE6}.Release|Any CPU.ActiveCfg = Release|Win32
		{B5751324-001D-442E-80CD-751B70BA7FE6}.Release|x64.ActiveCfg = Release|x64
		{B5751324-001D-442E-80CD-751B70BA7FE6}.Release|x64.Build.0 = Release|x64
		{B5751324-001D-442E-80CD-751B70BA7FE6}.Release|x86.ActiveCfg = Release|Win32
		{B5751324-001D-442E-80CD-751B70BA7FE6}.Release|x86.Build.0 = Release|Win32
		{786BE033-40BC-4637-9BA8-AC400E7F4D6C}.Debug|Any CPU.ActiveCfg = Debug|Win32
		{786BE033-40BC-4637-9BA8-AC400E7F4D6C}.Debug|x64.ActiveCfg = Debug|x64
		{786BE033-40BC-4637-9BA8-AC400E7F4D6C}.Debug|x64.Build.0 = Debug|x64
		{786BE033-40BC-4637-9BA8-AC400E7F4D6C}.Debug|x86.ActiveCfg = Debug|Win32
		{786BE033-40BC-4637-9BA8-AC400E7F4D6C}.Debug|x86.Build.0 = Debug|Win32
		{786BE033-40BC-4637-9BA8-AC400E7F4D6C}.Release|Any CPU.ActiveCfg = Release|Win32
		{786BE033-40BC-4637-9BA8-AC400E7F4D6C}.Release|x64.ActiveCfg = Release|x64
		{786BE033-40BC-4637-9BA8-AC400E7F4D6C}.Release|x64.Build.0 = Release|x64
		{786BE033-40BC-4637-9BA8-AC400E7F4D6C}.Release|x86.ActiveCfg = Release|Win32
		{786BE033-40BC-4637-9BA8-AC400E7F4D6C}.Release|x86.Build.0 = Release|Win32
		{72351B6A-521B-4904-9A34-312DEC715E04}.Debug|Any CPU.ActiveCfg = Debug|Win32
		{72351B6A-521B-4904-9A34-312DEC715E04}.Debug|x64.ActiveCfg = Debug|x64
		{72351B6A-521B-4904-9A34-312DEC715E04}.Debug|x64.Build.0 = Debug|x64
		{72351B6A-521B-4904-9A34-312DEC715E04}.Debug|x86.ActiveCfg = Debug|Win32
		{72351B6A-521B-4904-9A34-312DEC715E04}.Debug|x86.Build.0 = Debug|Win32
		{72351B6A-521B-4904-9A34-312DEC715E04}.Release|Any CPU.ActiveCfg = Release|Win32
		{72351B6A-521B-4904-9A34-312DEC715E04}.Release|x64.ActiveCfg = Release|x64
		{72351B6A-521B-4904-9A34-312DEC715E04}.Release|x64.Build.0 = Release|x64
		{72351B6A-521B-4904-9A34-312DEC715E04}.Release|x86.ActiveCfg = Release|Win32
		{72351B6A-521B-4904-9A34-312DEC715E04}.Release|x86.Build.0 = Release|Win32
		{79ABCB62-DE19-4AEC-BD1A-0FFD9C05223F}.Debug|Any CPU.ActiveCfg = Debug|Win32
		{79ABCB62-DE19-4AEC-BD1A-0FFD9C05223F}.Debug|x64.ActiveCfg = Debug|x64
		{79ABCB62-DE19-4AEC-BD1A-0FFD9C05223F}.Debug|x64.Build.0 = Debug|x64
		{79ABCB62-DE19-4AEC-BD1A-0FFD9C05223F}.Debug|x86.ActiveCfg = Debug|Win32
		{79ABCB62-DE19-4AEC-BD1A-0FFD9C05223F}.Debug|x86.Build.0 = Debug|Win32
		{79ABCB62-DE19-4AEC-BD1A-0FFD9C05223F}.Release|Any CPU.ActiveCfg = Release|Win32
		{79ABCB62-DE19-4AEC-BD1A-0FFD9C05223F}.Release|x64.ActiveCfg = Release|x64
		{79ABCB62-DE19-4AEC-BD1A-0FFD9C05223F}.Release|x64.Build.0 = Release|x64
		{79ABCB62-DE19-4AEC-BD1A-0FFD9C05223F}.Release|x86.ActiveCfg = Release|Win32
		{79ABCB62-DE19-4AEC-BD1A-0FFD9C05223F}.Release|x86.Build.0 = Release|Win32
		{FAC6BE20-3B5E-4723-BE15-B3C6DC869AAF}.Debug|Any CPU.ActiveCfg = Debug|Win32
		{FAC6BE20-3B5E-4723-BE15-B3C6DC869AAF}.Debug|x64.ActiveCfg = Debug|x64
		{FAC6BE20-3B5E-4723-BE15-B3C6DC869AAF}.Debug|x64.Build.0 = Debug|x64
		{FAC6BE20-3B5E-4723-BE15-B3C6DC869AAF}.Debug|x86.ActiveCfg = Debug|Win32
		{FAC6BE20-3B5E-4723-BE15-B3C6DC869AAF}.Debug|x86.Build.0 = Debug|Win32
		{FAC6BE20-3B5E-4723-BE15-B3C6DC869AAF}.Release|Any CPU.ActiveCfg = Release|Win32
		{FAC6BE20-3B5E-4723-BE15-B3C6DC869AAF}.Release|x64.ActiveCfg = Release|x64
		{FAC6BE20-3B5E-4723-BE15-B3C6DC869AAF}.Release|x64.Build.0 = Release|x64
		{FAC6BE20-3B5E-4723-BE15-B3C6DC869AAF}.Release|x86.ActiveCfg = Release|Win32
		{FAC6BE20-3B5E-4723-BE15-B3C6DC869AAF}.Release|x86.Build.0 = Release|Win32
		{3402F3B6-E278-46FA-A059-05A77E8D6F5F}.Debug|Any CPU.ActiveCfg = Debug|Win32
		{3402F3B6-E278-46FA-A059-05A77E8D6F5F}.Debug|x64.ActiveCfg = Debug|x64
		{3402F3B6-E278-46FA-A059-05A77E8D6F5F}.Debug|x64.Build.0 = Debug|x64
		{3402F3B6-E278-46FA-A059-05A77E8D6F5F}.Debug|x86.ActiveCfg = Debug|Win32
		{3402F3B6-E278-46FA-A059-05A77E8D6F5F}.Debug|x86.Build.0 = Debug|Win32
		{3402F3B6-E278-46FA-A059-05A77E8D6F5F}.Release|Any CPU.ActiveCfg = Release|Win32
		{3402F3B6-E278-46FA-A059-05A77E8D6F5F}.Release|x64.ActiveCfg = Release|x64
		{3402F3B6-E278-46FA-A059-05A77E8D6F5F}.Release|x64.Build.0 = Release|x64
		{3402F3B6-E278-46FA-A059-05A77E8D6F5F}.Release|x86.ActiveCfg = Release|Win32
		{3402F3B6-E278-46FA-A059-05A77E8D6F5F}.Release|x86.Build.0 = Release|Win32
		{3C398194-6449-4175-84B0-71EDE8C032E9}.Debug|Any CPU.ActiveCfg = Debug|Win32
		{3C398194-6449-4175-84B0-71EDE8C032E9}.Debug|x64.ActiveCfg = Debug|x64
		{3C398194-6449-4175-84B0-71EDE8C032E9}.Debug|x64.Build.0 = Debug|x64
		{3C398194-6449-4175-84B0-71EDE8C032E9}.Debug|x86.ActiveCfg = Debug|Win32
		{3C398194-6449-4175-84B0-71EDE8C032E9}.Debug|x86.Build.0 = Debug|Win32
		{3C398194-6449-4175-84B0-71EDE8C032E9}.Release|Any CPU.ActiveCfg = Release|Win32
		{3C398194-6449-4175-84B0-71EDE8C032E9}.Release|x64.ActiveCfg = Release|x64
		{3C398194-6449-4175-84B0-71EDE8C032E9}.Release|x64.Build.0 = Release|x64
		{3C398194-6449-4175-84B0-71EDE8C032E9}.Release|x86.ActiveCfg = Release|Win32
		{3C398194-6449-4175-84B0-71EDE8C032E9}.Release|x86.Build.0 = Release|Win32
		{D510F4D2-4FC9-4182-AADD-7997F2B7CA6B}.Debug|Any CPU.ActiveCfg = Debug|Win32
		{D510F4D2-4FC9-4182-AADD-7997F2B7CA6B}.Debug|x64.ActiveCfg = Debug|x64
		{D510F4D2-4FC9-4182-AADD-7997F2B7CA6B}.Debug|x64.Build.0 = Debug|x64
		{D510F4D2-4FC9-4182-AADD-7997F2B7CA6B}.Debug|x86.ActiveCfg = Debug|Win32
		{D510F4D2-4FC9-4182-AADD-7997F2B7CA6B}.Debug|x86.Build.0 = Debug|Win32
		{D510F4D2-4FC9-4182-AADD-7997F2B7CA6B}.Release|Any CPU.ActiveCfg = Release|Win32
		{D510F4D2-4FC9-4182-AADD-7997F2B7CA6B}.Release|x64.ActiveCfg = Release|x64
		{D510F4D2-4FC9-4182-AADD-7997F2B7CA6B}.Release|x64.Build.0 = Release|x64
		{D510F4D2-4FC9-4182-AADD-7997F2B7CA6B}.Release|x86.ActiveCfg = Release|Win32
		{D510F4D2-4FC9-4182-AADD-7997F2B7CA6B}.Release|x86.Build.0 = Release|Win32
		{8C930CCB-AFE1-4386-B0DF-47C44AA15BA6}.Debug|Any CPU.ActiveCfg = Debug|Win32
		{8C930CCB-AFE1-4386-B0DF-47C44AA15BA6}.Debug|x64.ActiveCfg = Debug|x64
		{8C930CCB-AFE1-4386-B0DF-47C44AA15BA6}.Debug|x64.Build.0 = Debug|x64
		{8C930CCB-AFE1-4386-B0DF-47C44AA15BA6}.Debug|x86.ActiveCfg = Debug|Win32
		{8C930CCB-AFE1-4386-B0DF-47C44AA15BA6}.Debug|x86.Build.0 = Debug|Win32
		{8C930CCB-AFE1-4386-B0DF-47C44AA15BA6}.Release|Any CPU.ActiveCfg = Release|Win32
		{8C930CCB-AFE1-4386-B0DF-47C44AA15BA6}.Release|x64.ActiveCfg = Release|x64
		{8C930CCB-AFE1-4386-B0DF-47C44AA15BA6}.Release|x64.Build.0 = Release|x64
		{8C930CCB-AFE1-4386-B0DF-47C44AA15BA6}.Release|x86.ActiveCfg = Release|Win32
		{8C930CCB-AFE1-4386-B0DF-47C44AA15BA6}.Release|x86.Build.0 = Release|Win32
		{1DDF8605-80CD-4779-A3C6-C05803009D63}.Debug|Any CPU.ActiveCfg = Debug|Win32
		{1DDF8605-80CD-4779-A3C6-C05803009D63}.Debug|x64.ActiveCfg = Debug|x64
		{1DDF8605-80CD-4779-A3C6-C05803009D63}.Debug|x64.Build.0 = Debug|x64
		{1DDF8605-80CD-4779-A3C6-C05803009D63}.Debug|x86.ActiveCfg = Debug|Win32
		{1DDF8605-80CD-4779-A3C6-C05803009D63}.Debug|x86.Build.0 = Debug|Win32
		{1DDF8605-80CD-4779-A3C6-C05803009D63}.Release|Any CPU.ActiveCfg = Release|Win32
		{1DDF8605-80CD-4779-A3C6-C05803009D63}.Release|x64.ActiveCfg = Release|x64
		{1DDF8605-80CD-4779-A3C6-C05803009D63}.Release|x64.Build.0 = Release|x64
		{1DDF8605-80CD-4779-A3C6-C05803009D63}.Release|x86.ActiveCfg = Release|Win32
		{1DDF8605-80CD-4779-A3C6-C05803009D63}.Release|x86.Build.0 = Release|Win32
		{3E13AEA1-4580-47E8-B253-6C6DA6191247}.Debug|Any CPU.ActiveCfg = Debug|Win32
		{3E13AEA1-4580-47E8-B253-6C6DA6191247}.Debug|x64.ActiveCfg = Debug|x64
		{3E13AEA1-4580-47E8-B253-6C6DA6191247}.Debug|x64.Build.0 = Debug|x64
		{3E13AEA1-4580-47E8-B253-6C6DA6191247}.Debug|x86.ActiveCfg = Debug|Win32
		{3E13AEA1-4580-47E8-B253-6C6DA6191247}.Debug|x86.Build.0 = Debug|Win32
		{3E13AEA1-4580-47E8-B253-6C6DA6191247}.Release|Any CPU.ActiveCfg = Release|Win32
		{3E13AEA1-4580-47E8-B253-6C6DA6191247}.Release|x64.ActiveCfg = Release|x64
		{3E13AEA1-4580-47E8-B253-6C6DA6191247}.Release|x64.Build.0 = Release|x64
		{3E13AEA1-4580-47E8-B253-6C6DA6191247}.Release|x86.ActiveCfg = Release|Win32
		{3E13AEA1-4580-47E8-B253-6C6DA6191247}.Release|x86.Build.0 = Release|Win32
		{1A85DF8E-F381-4A0B-8510-C65062F8991F}.Debug|Any CPU.ActiveCfg = Debug|Win32
		{1A85DF8E-F381-4A0B-8510-C65062F8991F}.Debug|x64.ActiveCfg = Debug|x64
		{1A85DF8E-F381-4A0B-8510-C65062F8991F}.Debug|x64.Build.0 = Debug|x64
		{1A85DF8E-F381-4A0B-8510-C65062F8991F}.Debug|x86.ActiveCfg = Debug|Win32
		{1A85DF8E-F381-4A0B-8510-C65062F8991F}.Debug|x86.Build.0 = Debug|Win32
		{1A85DF8E-F381-4A0B-8510-C65062F8991F}.Release|Any CPU.ActiveCfg = Release|Win32
		{1A85DF8E-F381-4A0B-8510-C65062F8991F}.Release|x64.ActiveCfg = Release|x64
		{1A85DF8E-F381-4A0B-8510-C65062F8991F}.Release|x64.Build.0 = Release|x64
		{1A85DF8E-F381-4A0B-8510-C65062F8991F}.Release|x86.ActiveCfg = Release|Win32
		{1A85DF8E-F381-4A0B-8510-C65062F8991F}.Release|x86.Build.0 = Release|Win32
		{7EA4B137-669D-4CC5-B361-465393CE5C98}.Debug|Any CPU.ActiveCfg = Debug|Win32
		{7EA4B137-669D-4CC5-B361-465393CE5C98}.Debug|x64.ActiveCfg = Debug|x64
		{7EA4B137-669D-4CC5-B361-465393CE5C98}.Debug|x64.Build.0 = Debug|x64
		{7EA4B137-669D-4CC5-B361-465393CE5C98}.Debug|x86.ActiveCfg = Debug|Win32
		{7EA4B137-669D-4CC5-B361-465393CE5C98}.Debug|x86.Build.0 = Debug|Win32
		{7EA4B137-669D-4CC5-B361-465393CE5C98}.Release|Any CPU.ActiveCfg = Release|Win32
		{7EA4B137-669D-4CC5-B361-465393CE5C98}.Release|x64.ActiveCfg = Release|x64
		{7EA4B137-669D-4CC5-B361-465393CE5C98}.Release|x64.Build.0 = Release|x64
		{7EA4B137-669D-4CC5-B361-465393CE5C98}.Release|x86.ActiveCfg = Release|Win32
		{7EA4B137-669D-4CC5-B361-465393CE5C98}.Release|x86.Build.0 = Release|Win32
		{634B87F8-61D7-4201-AACA-00849FDECD20}.Debug|Any CPU.ActiveCfg = Debug|Win32
		{634B87F8-61D7-4201-AACA-00849FDECD20}.Debug|x64.ActiveCfg = Debug|x64
		{634B87F8-61D7-4201-AACA-00849FDECD20}.Debug|x64.Build.0 = Debug|x64
		{634B87F8-61D7-4201-AACA-00849FDECD20}.Debug|x86.ActiveCfg = Debug|Win32
		{634B87F8-61D7-4201-AACA-00849FDECD20}.Debug|x86.Build.0 = Debug|Win32
		{634B87F8-61D7-4201-AACA-00849FDECD20}.Release|Any CPU.ActiveCfg = Release|Win32
		{634B87F8-61D7-4201-AACA-00849FDECD20}.Release|x64.ActiveCfg = Release|x64
		{634B87F8-61D7-4201-AACA-00849FDECD20}.Release|x64.Build.0 = Release|x64
		{634B87F8-61D7-4201-AACA-00849FDECD20}.Release|x86.ActiveCfg = Release|Win32
		{634B87F8-61D7-4201-AACA-00849FDECD20}.Release|x86.Build.0 = Release|Win32
		{AB0E184F-1AFF-4F01-9399-D6497D2CE229}.Debug|Any CPU.ActiveCfg = Debug|Win32
		{AB0E184F-1AFF-4F01-9399-D6497D2CE229}.Debug|x64.ActiveCfg = Debug|x64
		{AB0E184F-1AFF-4F01-9399-D6497D2CE229}.Debug|x64.Build.0 = Debug|x64
		{AB0E184F-1AFF-4F01-9399-D6497D2CE229}.Debug|x86.ActiveCfg = Debug|Win32
		{AB0E184F-1AFF-4F01-9399-D6497D2CE229}.Debug|x86.Build.0 = Debug|Win32
		{AB0E184F-1AFF-4F01-9399-D6497D2CE229}.Release|Any CPU.ActiveCfg = Release|Win32
		{AB0E184F-1AFF-4F01-9399-D6497D2CE229}.Release|x64.ActiveCfg = Release|x64
		{AB0E184F-1AFF-4F01-9399-D6497D2CE229}.Release|x64.Build.0 = Release|x64
		{AB0E184F-1AFF-4F01-9399-D6497D2CE229}.Release|x86.ActiveCfg = Release|Win32
		{AB0E184F-1AFF-4F01-9399-D6497D2CE229}.Release|x86.Build.0 = Release|Win32
	EndGlobalSection
	GlobalSection(SolutionProperties) = preSolution
		HideSolutionNode = FALSE
	EndGlobalSection
	GlobalSection(ExtensibilityGlobals) = postSolution
		SolutionGuid = {34575780-B539-47CC-9A54-3BAA5DAC8C17}
	EndGlobalSection
EndGlobal
